
Microsoft Visual Studio Solution File, Format Version 9.00
# Visual Studio 2005
Project("{FAE04EC0-301F-11D3-BF4B-00C04F79EFBC}") = "AdaMainPpc", "AdaMainPpc\AdaMainPpc.csproj", "{F808395E-7D62-43AC-BD88-9D68F636BB8F}"
EndProject
Project("{FAE04EC0-301F-11D3-BF4B-00C04F79EFBC}") = "UtilitiesPpc", "UtilitiesPpc\UtilitiesPpc.csproj", "{D8AB685E-867E-47B0-B427-F6866743A0A4}"
EndProject
Global
	GlobalSection(SolutionConfigurationPlatforms) = preSolution
		Debug|Any CPU = Debug|Any CPU
		Release|Any CPU = Release|Any CPU
	EndGlobalSection
	GlobalSection(ProjectConfigurationPlatforms) = postSolution
		{F808395E-7D62-43AC-BD88-9D68F636BB8F}.Debug|Any CPU.ActiveCfg = Debug|Any CPU
		{F808395E-7D62-43AC-BD88-9D68F636BB8F}.Debug|Any CPU.Build.0 = Debug|Any CPU
		{F808395E-7D62-43AC-BD88-9D68F636BB8F}.Debug|Any CPU.Deploy.0 = Debug|Any CPU
		{F808395E-7D62-43AC-BD88-9D68F636BB8F}.Release|Any CPU.ActiveCfg = Release|Any CPU
		{F808395E-7D62-43AC-BD88-9D68F636BB8F}.Release|Any CPU.Build.0 = Release|Any CPU
		{F808395E-7D62-43AC-BD88-9D68F636BB8F}.Release|Any CPU.Deploy.0 = Release|Any CPU
		{D8AB685E-867E-47B0-B427-F6866743A0A4}.Debug|Any CPU.ActiveCfg = Debug|Any CPU
		{D8AB685E-867E-47B0-B427-F6866743A0A4}.Debug|Any CPU.Build.0 = Debug|Any CPU
		{D8AB685E-867E-47B0-B427-F6866743A0A4}.Debug|Any CPU.Deploy.0 = Debug|Any CPU
		{D8AB685E-867E-47B0-B427-F6866743A0A4}.Release|Any CPU.ActiveCfg = Release|Any CPU
		{D8AB685E-867E-47B0-B427-F6866743A0A4}.Release|Any CPU.Build.0 = Release|Any CPU
		{D8AB685E-867E-47B0-B427-F6866743A0A4}.Release|Any CPU.Deploy.0 = Release|Any CPU
	EndGlobalSection
	GlobalSection(SolutionProperties) = preSolution
		HideSolutionNode = FALSE
	EndGlobalSection
EndGlobal
