
Microsoft Visual Studio Solution File, Format Version 9.00
# Visual Studio 2005
Project("{FAE04EC0-301F-11D3-BF4B-00C04F79EFBC}") = "SymbolManager", "SymbolManager\SymbolManager.csproj", "{FA476A45-2BD5-413A-8004-F004C2897C64}"
EndProject
Project("{FAE04EC0-301F-11D3-BF4B-00C04F79EFBC}") = "Utilities", "Utilities\Utilities.csproj", "{787B600C-9A56-41C7-A3C8-9553630FE3C1}"
EndProject
Global
	GlobalSection(SolutionConfigurationPlatforms) = preSolution
		Debug|Any CPU = Debug|Any CPU
		Release|Any CPU = Release|Any CPU
	EndGlobalSection
	GlobalSection(ProjectConfigurationPlatforms) = postSolution
		{787B600C-9A56-41C7-A3C8-9553630FE3C1}.Debug|Any CPU.ActiveCfg = Debug|Any CPU
		{787B600C-9A56-41C7-A3C8-9553630FE3C1}.Debug|Any CPU.Build.0 = Debug|Any CPU
		{787B600C-9A56-41C7-A3C8-9553630FE3C1}.Release|Any CPU.ActiveCfg = Release|Any CPU
		{787B600C-9A56-41C7-A3C8-9553630FE3C1}.Release|Any CPU.Build.0 = Release|Any CPU
		{FA476A45-2BD5-413A-8004-F004C2897C64}.Debug|Any CPU.ActiveCfg = Debug|Any CPU
		{FA476A45-2BD5-413A-8004-F004C2897C64}.Debug|Any CPU.Build.0 = Debug|Any CPU
		{FA476A45-2BD5-413A-8004-F004C2897C64}.Release|Any CPU.ActiveCfg = Release|Any CPU
		{FA476A45-2BD5-413A-8004-F004C2897C64}.Release|Any CPU.Build.0 = Release|Any CPU
	EndGlobalSection
	GlobalSection(SolutionProperties) = preSolution
		HideSolutionNode = FALSE
	EndGlobalSection
EndGlobal
