
Microsoft Visual Studio Solution File, Format Version 9.00
# Visual Studio 2005
Project("{FAE04EC0-301F-11D3-BF4B-00C04F79EFBC}") = "OpenNETCF.Desktop.Communication", "OpenNETCF.Desktop.Communication.csproj", "{60FD337B-8EB5-4E20-A951-6EBB09CCE442}"
EndProject
Project("{FAE04EC0-301F-11D3-BF4B-00C04F79EFBC}") = "RAPICSharp", "..\RAPICSharp\RAPICSharp.csproj", "{D97F3EAC-B77F-426A-9C27-5986655AA5FD}"
EndProject
Global
	GlobalSection(SolutionConfigurationPlatforms) = preSolution
		Debug|Any CPU = Debug|Any CPU
		Release|Any CPU = Release|Any CPU
	EndGlobalSection
	GlobalSection(ProjectConfigurationPlatforms) = postSolution
		{60FD337B-8EB5-4E20-A951-6EBB09CCE442}.Debug|Any CPU.ActiveCfg = Debug|Any CPU
		{60FD337B-8EB5-4E20-A951-6EBB09CCE442}.Debug|Any CPU.Build.0 = Debug|Any CPU
		{60FD337B-8EB5-4E20-A951-6EBB09CCE442}.Release|Any CPU.ActiveCfg = Release|Any CPU
		{60FD337B-8EB5-4E20-A951-6EBB09CCE442}.Release|Any CPU.Build.0 = Release|Any CPU
		{D97F3EAC-B77F-426A-9C27-5986655AA5FD}.Debug|Any CPU.ActiveCfg = Debug|Any CPU
		{D97F3EAC-B77F-426A-9C27-5986655AA5FD}.Debug|Any CPU.Build.0 = Debug|Any CPU
		{D97F3EAC-B77F-426A-9C27-5986655AA5FD}.Release|Any CPU.ActiveCfg = Release|Any CPU
		{D97F3EAC-B77F-426A-9C27-5986655AA5FD}.Release|Any CPU.Build.0 = Release|Any CPU
	EndGlobalSection
	GlobalSection(SolutionProperties) = preSolution
		HideSolutionNode = FALSE
	EndGlobalSection
EndGlobal
